
Microsoft Visual Studio Solution File, Format Version 12.00
# Visual Studio Version 16
VisualStudioVersion = 16.0.32510.428
MinimumVisualStudioVersion = 10.0.40219.1
Project("{FAE04EC0-301F-11D3-BF4B-00C04F79EFBC}") = "MVC_WebApplication", "MVC_WebApplication\MVC_WebApplication.csproj", "{4651DE02-3E74-4EA4-A403-CE2AD4AA22FA}"
EndProject
Global
	GlobalSection(SolutionConfigurationPlatforms) = preSolution
		Debug|Any CPU = Debug|Any CPU
		Release|Any CPU = Release|Any CPU
	EndGlobalSection
	GlobalSection(ProjectConfigurationPlatforms) = postSolution
		{4651DE02-3E74-4EA4-A403-CE2AD4AA22FA}.Debug|Any CPU.ActiveCfg = Debug|Any CPU
		{4651DE02-3E74-4EA4-A403-CE2AD4AA22FA}.Debug|Any CPU.Build.0 = Debug|Any CPU
		{4651DE02-3E74-4EA4-A403-CE2AD4AA22FA}.Release|Any CPU.ActiveCfg = Release|Any CPU
		{4651DE02-3E74-4EA4-A403-CE2AD4AA22FA}.Release|Any CPU.Build.0 = Release|Any CPU
	EndGlobalSection
	GlobalSection(SolutionProperties) = preSolution
		HideSolutionNode = FALSE
	EndGlobalSection
	GlobalSection(ExtensibilityGlobals) = postSolution
		SolutionGuid = {10350983-731D-4B12-9226-5243FF83435E}
	EndGlobalSection
EndGlobal
